// !$*UTF8*$!
{
	archiveVersion = 1;
	classes = {
	};
	objectVersion = 50;
	objects = {

/* Begin PBXBuildFile section */
		726C5BC52424CF7800B66ACE /* AppDelegate.swift in Sources */ = {isa = PBXBuildFile; fileRef = 726C5BC42424CF7800B66ACE /* AppDelegate.swift */; };
		726C5BC72424CF7800B66ACE /* SceneDelegate.swift in Sources */ = {isa = PBXBuildFile; fileRef = 726C5BC62424CF7800B66ACE /* SceneDelegate.swift */; };
		726C5BC92424CF7800B66ACE /* TableViewController.swift in Sources */ = {isa = PBXBuildFile; fileRef = 726C5BC82424CF7800B66ACE /* TableViewController.swift */; };
		726C5BCC2424CF7800B66ACE /* Main.storyboard in Resources */ = {isa = PBXBuildFile; fileRef = 726C5BCA2424CF7800B66ACE /* Main.storyboard */; };
		726C5BCE2424CF7900B66ACE /* Assets.xcassets in Resources */ = {isa = PBXBuildFile; fileRef = 726C5BCD2424CF7800B66ACE /* Assets.xcassets */; };
		726C5BD12424CF7900B66ACE /* LaunchScreen.storyboard in Resources */ = {isa = PBXBuildFile; fileRef = 726C5BCF2424CF7900B66ACE /* LaunchScreen.storyboard */; };
		726C5BDC2424D00500B66ACE /* ToDoTaskTableViewCell.swift in Sources */ = {isa = PBXBuildFile; fileRef = 726C5BDB2424D00500B66ACE /* ToDoTaskTableViewCell.swift */; };
		726C5BDE2424D01000B66ACE /* AddToDoTaskTableViewCell.swift in Sources */ = {isa = PBXBuildFile; fileRef = 726C5BDD2424D01000B66ACE /* AddToDoTaskTableViewCell.swift */; };
		726C5BE22424D1BB00B66ACE /* RealmSwift.framework in Frameworks */ = {isa = PBXBuildFile; fileRef = 726C5BE02424D1BB00B66ACE /* RealmSwift.framework */; };
		726C5BE32424D1BB00B66ACE /* RealmSwift.framework in Embed Frameworks */ = {isa = PBXBuildFile; fileRef = 726C5BE02424D1BB00B66ACE /* RealmSwift.framework */; settings = {ATTRIBUTES = (CodeSignOnCopy, RemoveHeadersOnCopy, ); }; };
		726C5BE42424D1BB00B66ACE /* Realm.framework in Frameworks */ = {isa = PBXBuildFile; fileRef = 726C5BE12424D1BB00B66ACE /* Realm.framework */; };
		726C5BE52424D1BB00B66ACE /* Realm.framework in Embed Frameworks */ = {isa = PBXBuildFile; fileRef = 726C5BE12424D1BB00B66ACE /* Realm.framework */; settings = {ATTRIBUTES = (CodeSignOnCopy, RemoveHeadersOnCopy, ); }; };
		726C5BE92424D2C500B66ACE /* Persistance.swift in Sources */ = {isa = PBXBuildFile; fileRef = 726C5BE82424D2C500B66ACE /* Persistance.swift */; };
		726C5BEB2424D2DF00B66ACE /* ToDoTask.swift in Sources */ = {isa = PBXBuildFile; fileRef = 726C5BEA2424D2DF00B66ACE /* ToDoTask.swift */; };
		726C5BED2424D3BC00B66ACE /* ToDoCheckBox.swift in Sources */ = {isa = PBXBuildFile; fileRef = 726C5BEC2424D3BC00B66ACE /* ToDoCheckBox.swift */; };
/* End PBXBuildFile section */

/* Begin PBXCopyFilesBuildPhase section */
		726C5BE62424D1BB00B66ACE /* Embed Frameworks */ = {
			isa = PBXCopyFilesBuildPhase;
			buildActionMask = 2147483647;
			dstPath = "";
			dstSubfolderSpec = 10;
			files = (
				726C5BE52424D1BB00B66ACE /* Realm.framework in Embed Frameworks */,
				726C5BE32424D1BB00B66ACE /* RealmSwift.framework in Embed Frameworks */,
			);
			name = "Embed Frameworks";
			runOnlyForDeploymentPostprocessing = 0;
		};
/* End PBXCopyFilesBuildPhase section */

/* Begin PBXFileReference section */
		726C5BC12424CF7800B66ACE /* ToDoAppMVC.app */ = {isa = PBXFileReference; explicitFileType = wrapper.application; includeInIndex = 0; path = ToDoAppMVC.app; sourceTree = BUILT_PRODUCTS_DIR; };
		726C5BC42424CF7800B66ACE /* AppDelegate.swift */ = {isa = PBXFileReference; lastKnownFileType = sourcecode.swift; path = AppDelegate.swift; sourceTree = "<group>"; };
		726C5BC62424CF7800B66ACE /* SceneDelegate.swift */ = {isa = PBXFileReference; lastKnownFileType = sourcecode.swift; path = SceneDelegate.swift; sourceTree = "<group>"; };
		726C5BC82424CF7800B66ACE /* TableViewController.swift */ = {isa = PBXFileReference; lastKnownFileType = sourcecode.swift; path = TableViewController.swift; sourceTree = "<group>"; };
		726C5BCB2424CF7800B66ACE /* Base */ = {isa = PBXFileReference; lastKnownFileType = file.storyboard; name = Base; path = Base.lproj/Main.storyboard; sourceTree = "<group>"; };
		726C5BCD2424CF7800B66ACE /* Assets.xcassets */ = {isa = PBXFileReference; lastKnownFileType = folder.assetcatalog; path = Assets.xcassets; sourceTree = "<group>"; };
		726C5BD02424CF7900B66ACE /* Base */ = {isa = PBXFileReference; lastKnownFileType = file.storyboard; name = Base; path = Base.lproj/LaunchScreen.storyboard; sourceTree = "<group>"; };
		726C5BD22424CF7900B66ACE /* Info.plist */ = {isa = PBXFileReference; lastKnownFileType = text.plist.xml; path = Info.plist; sourceTree = "<group>"; };
		726C5BDB2424D00500B66ACE /* ToDoTaskTableViewCell.swift */ = {isa = PBXFileReference; lastKnownFileType = sourcecode.swift; path = ToDoTaskTableViewCell.swift; sourceTree = "<group>"; };
		726C5BDD2424D01000B66ACE /* AddToDoTaskTableViewCell.swift */ = {isa = PBXFileReference; lastKnownFileType = sourcecode.swift; path = AddToDoTaskTableViewCell.swift; sourceTree = "<group>"; };
		726C5BE02424D1BB00B66ACE /* RealmSwift.framework */ = {isa = PBXFileReference; lastKnownFileType = wrapper.framework; name = RealmSwift.framework; path = Carthage/Build/iOS/RealmSwift.framework; sourceTree = "<group>"; };
		726C5BE12424D1BB00B66ACE /* Realm.framework */ = {isa = PBXFileReference; lastKnownFileType = wrapper.framework; name = Realm.framework; path = Carthage/Build/iOS/Realm.framework; sourceTree = "<group>"; };
		726C5BE82424D2C500B66ACE /* Persistance.swift */ = {isa = PBXFileReference; lastKnownFileType = sourcecode.swift; path = Persistance.swift; sourceTree = "<group>"; };
		726C5BEA2424D2DF00B66ACE /* ToDoTask.swift */ = {isa = PBXFileReference; lastKnownFileType = sourcecode.swift; path = ToDoTask.swift; sourceTree = "<group>"; };
		726C5BEC2424D3BC00B66ACE /* ToDoCheckBox.swift */ = {isa = PBXFileReference; lastKnownFileType = sourcecode.swift; path = ToDoCheckBox.swift; sourceTree = "<group>"; };
/* End PBXFileReference section */

/* Begin PBXFrameworksBuildPhase section */
		726C5BBE2424CF7800B66ACE /* Frameworks */ = {
			isa = PBXFrameworksBuildPhase;
			buildActionMask = 2147483647;
			files = (
				726C5BE42424D1BB00B66ACE /* Realm.framework in Frameworks */,
				726C5BE22424D1BB00B66ACE /* RealmSwift.framework in Frameworks */,
			);
			runOnlyForDeploymentPostprocessing = 0;
		};
/* End PBXFrameworksBuildPhase section */

/* Begin PBXGroup section */
		726C5BB82424CF7800B66ACE = {
			isa = PBXGroup;
			children = (
				726C5BC32424CF7800B66ACE /* ToDoAppMVC */,
				726C5BC22424CF7800B66ACE /* Products */,
				726C5BDF2424D1BA00B66ACE /* Frameworks */,
			);
			sourceTree = "<group>";
		};
		726C5BC22424CF7800B66ACE /* Products */ = {
			isa = PBXGroup;
			children = (
				726C5BC12424CF7800B66ACE /* ToDoAppMVC.app */,
			);
			name = Products;
			sourceTree = "<group>";
		};
		726C5BC32424CF7800B66ACE /* ToDoAppMVC */ = {
			isa = PBXGroup;
			children = (
				726C5BDA2424CF8F00B66ACE /* Controllers */,
				726C5BD82424CF7D00B66ACE /* Models */,
				726C5BD92424CF8100B66ACE /* Views */,
				726C5BC42424CF7800B66ACE /* AppDelegate.swift */,
				726C5BC62424CF7800B66ACE /* SceneDelegate.swift */,
				726C5BCD2424CF7800B66ACE /* Assets.xcassets */,
				726C5BCF2424CF7900B66ACE /* LaunchScreen.storyboard */,
				726C5BD22424CF7900B66ACE /* Info.plist */,
				726C5BE82424D2C500B66ACE /* Persistance.swift */,
			);
			path = ToDoAppMVC;
			sourceTree = "<group>";
		};
		726C5BD82424CF7D00B66ACE /* Models */ = {
			isa = PBXGroup;
			children = (
				726C5BEA2424D2DF00B66ACE /* ToDoTask.swift */,
			);
			path = Models;
			sourceTree = "<group>";
		};
		726C5BD92424CF8100B66ACE /* Views */ = {
			isa = PBXGroup;
			children = (
				726C5BCA2424CF7800B66ACE /* Main.storyboard */,
				726C5BDB2424D00500B66ACE /* ToDoTaskTableViewCell.swift */,
				726C5BDD2424D01000B66ACE /* AddToDoTaskTableViewCell.swift */,
				726C5BEC2424D3BC00B66ACE /* ToDoCheckBox.swift */,
			);
			path = Views;
			sourceTree = "<group>";
		};
		726C5BDA2424CF8F00B66ACE /* Controllers */ = {
			isa = PBXGroup;
			children = (
				726C5BC82424CF7800B66ACE /* TableViewController.swift */,
			);
			path = Controllers;
			sourceTree = "<group>";
		};
		726C5BDF2424D1BA00B66ACE /* Frameworks */ = {
			isa = PBXGroup;
			children = (
				726C5BE12424D1BB00B66ACE /* Realm.framework */,
				726C5BE02424D1BB00B66ACE /* RealmSwift.framework */,
			);
			name = Frameworks;
			sourceTree = "<group>";
		};
/* End PBXGroup section */

/* Begin PBXNativeTarget section */
		726C5BC02424CF7800B66ACE /* ToDoAppMVC */ = {
			isa = PBXNativeTarget;
			buildConfigurationList = 726C5BD52424CF7900B66ACE /* Build configuration list for PBXNativeTarget "ToDoAppMVC" */;
			buildPhases = (
				726C5BBD2424CF7800B66ACE /* Sources */,
				726C5BBE2424CF7800B66ACE /* Frameworks */,
				726C5BBF2424CF7800B66ACE /* Resources */,
				726C5BE62424D1BB00B66ACE /* Embed Frameworks */,
				726C5BE72424D1C500B66ACE /* Run Script */,
			);
			buildRules = (
			);
			dependencies = (
			);
			name = ToDoAppMVC;
			productName = ToDoAppMVC;
			productReference = 726C5BC12424CF7800B66ACE /* ToDoAppMVC.app */;
			productType = "com.apple.product-type.application";
		};
/* End PBXNativeTarget section */

/* Begin PBXProject section */
		726C5BB92424CF7800B66ACE /* Project object */ = {
			isa = PBXProject;
			attributes = {
				LastSwiftUpdateCheck = 1130;
				LastUpgradeCheck = 1130;
				ORGANIZATIONNAME = "Никита Гундорин";
				TargetAttributes = {
					726C5BC02424CF7800B66ACE = {
						CreatedOnToolsVersion = 11.3.1;
					};
				};
			};
			buildConfigurationList = 726C5BBC2424CF7800B66ACE /* Build configuration list for PBXProject "ToDoAppMVC" */;
			compatibilityVersion = "Xcode 9.3";
			developmentRegion = en;
			hasScannedForEncodings = 0;
			knownRegions = (
				en,
				Base,
			);
			mainGroup = 726C5BB82424CF7800B66ACE;
			productRefGroup = 726C5BC22424CF7800B66ACE /* Products */;
			projectDirPath = "";
			projectRoot = "";
			targets = (
				726C5BC02424CF7800B66ACE /* ToDoAppMVC */,
			);
		};
/* End PBXProject section */

/* Begin PBXResourcesBuildPhase section */
		726C5BBF2424CF7800B66ACE /* Resources */ = {
			isa = PBXResourcesBuildPhase;
			buildActionMask = 2147483647;
			files = (
				726C5BD12424CF7900B66ACE /* LaunchScreen.storyboard in Resources */,
				726C5BCE2424CF7900B66ACE /* Assets.xcassets in Resources */,
				726C5BCC2424CF7800B66ACE /* Main.storyboard in Resources */,
			);
			runOnlyForDeploymentPostprocessing = 0;
		};
/* End PBXResourcesBuildPhase section */

/* Begin PBXShellScriptBuildPhase section */
		726C5BE72424D1C500B66ACE /* Run Script */ = {
			isa = PBXShellScriptBuildPhase;
			buildActionMask = 2147483647;
			files = (
			);
			inputFileListPaths = (
			);
			inputPaths = (
				"$(SRCROOT)/Carthage/Build/iOS/Realm.framework",
				"$(SRCROOT)/Carthage/Build/iOS/RealmSwift.framework",
			);
			name = "Run Script";
			outputFileListPaths = (
			);
			outputPaths = (
			);
			runOnlyForDeploymentPostprocessing = 0;
			shellPath = /bin/sh;
			shellScript = "# Type a script or drag a script file from your workspace to insert its path.\n/usr/local/bin/carthage copy-frameworks\n";
		};
/* End PBXShellScriptBuildPhase section */

/* Begin PBXSourcesBuildPhase section */
		726C5BBD2424CF7800B66ACE /* Sources */ = {
			isa = PBXSourcesBuildPhase;
			buildActionMask = 2147483647;
			files = (
				726C5BDE2424D01000B66ACE /* AddToDoTaskTableViewCell.swift in Sources */,
				726C5BEB2424D2DF00B66ACE /* ToDoTask.swift in Sources */,
				726C5BED2424D3BC00B66ACE /* ToDoCheckBox.swift in Sources */,
				726C5BC92424CF7800B66ACE /* TableViewController.swift in Sources */,
				726C5BC52424CF7800B66ACE /* AppDelegate.swift in Sources */,
				726C5BDC2424D00500B66ACE /* ToDoTaskTableViewCell.swift in Sources */,
				726C5BC72424CF7800B66ACE /* SceneDelegate.swift in Sources */,
				726C5BE92424D2C500B66ACE /* Persistance.swift in Sources */,
			);
			runOnlyForDeploymentPostprocessing = 0;
		};
/* End PBXSourcesBuildPhase section */

/* Begin PBXVariantGroup section */
		726C5BCA2424CF7800B66ACE /* Main.storyboard */ = {
			isa = PBXVariantGroup;
			children = (
				726C5BCB2424CF7800B66ACE /* Base */,
			);
			name = Main.storyboard;
			sourceTree = "<group>";
		};
		726C5BCF2424CF7900B66ACE /* LaunchScreen.storyboard */ = {
			isa = PBXVariantGroup;
			children = (
				726C5BD02424CF7900B66ACE /* Base */,
			);
			name = LaunchScreen.storyboard;
			sourceTree = "<group>";
		};
/* End PBXVariantGroup section */

/* Begin XCBuildConfiguration section */
		726C5BD32424CF7900B66ACE /* Debug */ = {
			isa = XCBuildConfiguration;
			buildSettings = {
				ALWAYS_SEARCH_USER_PATHS = NO;
				CLANG_ANALYZER_NONNULL = YES;
				CLANG_ANALYZER_NUMBER_OBJECT_CONVERSION = YES_AGGRESSIVE;
				CLANG_CXX_LANGUAGE_STANDARD = "gnu++14";
				CLANG_CXX_LIBRARY = "libc++";
				CLANG_ENABLE_MODULES = YES;
				CLANG_ENABLE_OBJC_ARC = YES;
				CLANG_ENABLE_OBJC_WEAK = YES;
				CLANG_WARN_BLOCK_CAPTURE_AUTORELEASING = YES;
				CLANG_WARN_BOOL_CONVERSION = YES;
				CLANG_WARN_COMMA = YES;
				CLANG_WARN_CONSTANT_CONVERSION = YES;
				CLANG_WARN_DEPRECATED_OBJC_IMPLEMENTATIONS = YES;
				CLANG_WARN_DIRECT_OBJC_ISA_USAGE = YES_ERROR;
				CLANG_WARN_DOCUMENTATION_COMMENTS = YES;
				CLANG_WARN_EMPTY_BODY = YES;
				CLANG_WARN_ENUM_CONVERSION = YES;
				CLANG_WARN_INFINITE_RECURSION = YES;
				CLANG_WARN_INT_CONVERSION = YES;
				CLANG_WARN_NON_LITERAL_NULL_CONVERSION = YES;
				CLANG_WARN_OBJC_IMPLICIT_RETAIN_SELF = YES;
				CLANG_WARN_OBJC_LITERAL_CONVERSION = YES;
				CLANG_WARN_OBJC_ROOT_CLASS = YES_ERROR;
				CLANG_WARN_RANGE_LOOP_ANALYSIS = YES;
				CLANG_WARN_STRICT_PROTOTYPES = YES;
				CLANG_WARN_SUSPICIOUS_MOVE = YES;
				CLANG_WARN_UNGUARDED_AVAILABILITY = YES_AGGRESSIVE;
				CLANG_WARN_UNREACHABLE_CODE = YES;
				CLANG_WARN__DUPLICATE_METHOD_MATCH = YES;
				COPY_PHASE_STRIP = NO;
				DEBUG_INFORMATION_FORMAT = dwarf;
				ENABLE_STRICT_OBJC_MSGSEND = YES;
				ENABLE_TESTABILITY = YES;
				GCC_C_LANGUAGE_STANDARD = gnu11;
				GCC_DYNAMIC_NO_PIC = NO;
				GCC_NO_COMMON_BLOCKS = YES;
				GCC_OPTIMIZATION_LEVEL = 0;
				GCC_PREPROCESSOR_DEFINITIONS = (
					"DEBUG=1",
					"$(inherited)",
				);
				GCC_WARN_64_TO_32_BIT_CONVERSION = YES;
				GCC_WARN_ABOUT_RETURN_TYPE = YES_ERROR;
				GCC_WARN_UNDECLARED_SELECTOR = YES;
				GCC_WARN_UNINITIALIZED_AUTOS = YES_AGGRESSIVE;
				GCC_WARN_UNUSED_FUNCTION = YES;
				GCC_WARN_UNUSED_VARIABLE = YES;
				IPHONEOS_DEPLOYMENT_TARGET = 13.2;
				MTL_ENABLE_DEBUG_INFO = INCLUDE_SOURCE;
				MTL_FAST_MATH = YES;
				ONLY_ACTIVE_ARCH = YES;
				SDKROOT = iphoneos;
				SWIFT_ACTIVE_COMPILATION_CONDITIONS = DEBUG;
				SWIFT_OPTIMIZATION_LEVEL = "-Onone";
			};
			name = Debug;
		};
		726C5BD42424CF7900B66ACE /* Release */ = {
			isa = XCBuildConfiguration;
			buildSettings = {
				ALWAYS_SEARCH_USER_PATHS = NO;
				CLANG_ANALYZER_NONNULL = YES;
				CLANG_ANALYZER_NUMBER_OBJECT_CONVERSION = YES_AGGRESSIVE;
				CLANG_CXX_LANGUAGE_STANDARD = "gnu++14";
				CLANG_CXX_LIBRARY = "libc++";
				CLANG_ENABLE_MODULES = YES;
				CLANG_ENABLE_OBJC_ARC = YES;
				CLANG_ENABLE_OBJC_WEAK = YES;
				CLANG_WARN_BLOCK_CAPTURE_AUTORELEASING = YES;
				CLANG_WARN_BOOL_CONVERSION = YES;
				CLANG_WARN_COMMA = YES;
				CLANG_WARN_CONSTANT_CONVERSION = YES;
				CLANG_WARN_DEPRECATED_OBJC_IMPLEMENTATIONS = YES;
				CLANG_WARN_DIRECT_OBJC_ISA_USAGE = YES_ERROR;
				CLANG_WARN_DOCUMENTATION_COMMENTS = YES;
				CLANG_WARN_EMPTY_BODY = YES;
				CLANG_WARN_ENUM_CONVERSION = YES;
				CLANG_WARN_INFINITE_RECURSION = YES;
				CLANG_WARN_INT_CONVERSION = YES;
				CLANG_WARN_NON_LITERAL_NULL_CONVERSION = YES;
				CLANG_WARN_OBJC_IMPLICIT_RETAIN_SELF = YES;
				CLANG_WARN_OBJC_LITERAL_CONVERSION = YES;
				CLANG_WARN_OBJC_ROOT_CLASS = YES_ERROR;
				CLANG_WARN_RANGE_LOOP_ANALYSIS = YES;
				CLANG_WARN_STRICT_PROTOTYPES = YES;
				CLANG_WARN_SUSPICIOUS_MOVE = YES;
				CLANG_WARN_UNGUARDED_AVAILABILITY = YES_AGGRESSIVE;
				CLANG_WARN_UNREACHABLE_CODE = YES;
				CLANG_WARN__DUPLICATE_METHOD_MATCH = YES;
				COPY_PHASE_STRIP = NO;
				DEBUG_INFORMATION_FORMAT = "dwarf-with-dsym";
				ENABLE_NS_ASSERTIONS = NO;
				ENABLE_STRICT_OBJC_MSGSEND = YES;
				GCC_C_LANGUAGE_STANDARD = gnu11;
				GCC_NO_COMMON_BLOCKS = YES;
				GCC_WARN_64_TO_32_BIT_CONVERSION = YES;
				GCC_WARN_ABOUT_RETURN_TYPE = YES_ERROR;
				GCC_WARN_UNDECLARED_SELECTOR = YES;
				GCC_WARN_UNINITIALIZED_AUTOS = YES_AGGRESSIVE;
				GCC_WARN_UNUSED_FUNCTION = YES;
				GCC_WARN_UNUSED_VARIABLE = YES;
				IPHONEOS_DEPLOYMENT_TARGET = 13.2;
				MTL_ENABLE_DEBUG_INFO = NO;
				MTL_FAST_MATH = YES;
				SDKROOT = iphoneos;
				SWIFT_COMPILATION_MODE = wholemodule;
				SWIFT_OPTIMIZATION_LEVEL = "-O";
				VALIDATE_PRODUCT = YES;
			};
			name = Release;
		};
		726C5BD62424CF7900B66ACE /* Debug */ = {
			isa = XCBuildConfiguration;
			buildSettings = {
				ASSETCATALOG_COMPILER_APPICON_NAME = AppIcon;
				CODE_SIGN_STYLE = Automatic;
				FRAMEWORK_SEARCH_PATHS = (
					"$(inherited)",
					"$(PROJECT_DIR)/Carthage/Build/iOS",
				);
				INFOPLIST_FILE = ToDoAppMVC/Info.plist;
				LD_RUNPATH_SEARCH_PATHS = (
					"$(inherited)",
					"@executable_path/Frameworks",
				);
				PRODUCT_BUNDLE_IDENTIFIER = nikitagundorin.ToDoAppMVC;
				PRODUCT_NAME = "$(TARGET_NAME)";
				SWIFT_VERSION = 5.0;
				TARGETED_DEVICE_FAMILY = "1,2";
			};
			name = Debug;
		};
		726C5BD72424CF7900B66ACE /* Release */ = {
			isa = XCBuildConfiguration;
			buildSettings = {
				ASSETCATALOG_COMPILER_APPICON_NAME = AppIcon;
				CODE_SIGN_STYLE = Automatic;
				FRAMEWORK_SEARCH_PATHS = (
					"$(inherited)",
					"$(PROJECT_DIR)/Carthage/Build/iOS",
				);
				INFOPLIST_FILE = ToDoAppMVC/Info.plist;
				LD_RUNPATH_SEARCH_PATHS = (
					"$(inherited)",
					"@executable_path/Frameworks",
				);
				PRODUCT_BUNDLE_IDENTIFIER = nikitagundorin.ToDoAppMVC;
				PRODUCT_NAME = "$(TARGET_NAME)";
				SWIFT_VERSION = 5.0;
				TARGETED_DEVICE_FAMILY = "1,2";
			};
			name = Release;
		};
/* End XCBuildConfiguration section */

/* Begin XCConfigurationList section */
		726C5BBC2424CF7800B66ACE /* Build configuration list for PBXProject "ToDoAppMVC" */ = {
			isa = XCConfigurationList;
			buildConfigurations = (
				726C5BD32424CF7900B66ACE /* Debug */,
				726C5BD42424CF7900B66ACE /* Release */,
			);
			defaultConfigurationIsVisible = 0;
			defaultConfigurationName = Release;
		};
		726C5BD52424CF7900B66ACE /* Build configuration list for PBXNativeTarget "ToDoAppMVC" */ = {
			isa = XCConfigurationList;
			buildConfigurations = (
				726C5BD62424CF7900B66ACE /* Debug */,
				726C5BD72424CF7900B66ACE /* Release */,
			);
			defaultConfigurationIsVisible = 0;
			defaultConfigurationName = Release;
		};
/* End XCConfigurationList section */
	};
	rootObject = 726C5BB92424CF7800B66ACE /* Project object */;
}
